
Microsoft Visual Studio Solution File, Format Version 12.00
# Visual Studio 15
VisualStudioVersion = 15.0.34031.82
MinimumVisualStudioVersion = 10.0.40219.1
Project("{FAE04EC0-301F-11D3-BF4B-00C04F79EFBC}") = "bai2", "bai2\bai2.csproj", "{64DD8490-EB5D-436B-9F5C-18E06E35CB63}"
EndProject
Global
	GlobalSection(SolutionConfigurationPlatforms) = preSolution
		Debug|Any CPU = Debug|Any CPU
		Release|Any CPU = Release|Any CPU
	EndGlobalSection
	GlobalSection(ProjectConfigurationPlatforms) = postSolution
		{64DD8490-EB5D-436B-9F5C-18E06E35CB63}.Debug|Any CPU.ActiveCfg = Debug|Any CPU
		{64DD8490-EB5D-436B-9F5C-18E06E35CB63}.Debug|Any CPU.Build.0 = Debug|Any CPU
		{64DD8490-EB5D-436B-9F5C-18E06E35CB63}.Release|Any CPU.ActiveCfg = Release|Any CPU
		{64DD8490-EB5D-436B-9F5C-18E06E35CB63}.Release|Any CPU.Build.0 = Release|Any CPU
	EndGlobalSection
	GlobalSection(SolutionProperties) = preSolution
		HideSolutionNode = FALSE
	EndGlobalSection
	GlobalSection(ExtensibilityGlobals) = postSolution
		SolutionGuid = {498B8E11-D1BD-4FBD-BD20-E1357F276533}
	EndGlobalSection
EndGlobal
